// !$*UTF8*$!
{
	archiveVersion = 1;
	classes = {
	};
	objectVersion = 77;
	objects = {

/* Begin PBXBuildFile section */
		E5DB617D2D45E76800C49900 /* KokteiliWatch Watch App.app in Embed Watch Content */ = {isa = PBXBuildFile; fileRef = E5DB615A2D45E76600C49900 /* KokteiliWatch Watch App.app */; settings = {ATTRIBUTES = (RemoveHeadersOnCopy, ); }; };
/* End PBXBuildFile section */

/* Begin PBXContainerItemProxy section */
		E5DB613A2D45E4B300C49900 /* PBXContainerItemProxy */ = {
			isa = PBXContainerItemProxy;
			containerPortal = E5DB611E2D45E4B100C49900 /* Project object */;
			proxyType = 1;
			remoteGlobalIDString = E5DB61252D45E4B100C49900;
			remoteInfo = Kokteili;
		};
		E5DB61442D45E4B300C49900 /* PBXContainerItemProxy */ = {
			isa = PBXContainerItemProxy;
			containerPortal = E5DB611E2D45E4B100C49900 /* Project object */;
			proxyType = 1;
			remoteGlobalIDString = E5DB61252D45E4B100C49900;
			remoteInfo = Kokteili;
		};
		E5DB617B2D45E76800C49900 /* PBXContainerItemProxy */ = {
			isa = PBXContainerItemProxy;
			containerPortal = E5DB611E2D45E4B100C49900 /* Project object */;
			proxyType = 1;
			remoteGlobalIDString = E5DB61592D45E76600C49900;
			remoteInfo = "KokteiliWatch Watch App";
		};
/* End PBXContainerItemProxy section */

/* Begin PBXCopyFilesBuildPhase section */
		E5DB61812D45E76800C49900 /* Embed Watch Content */ = {
			isa = PBXCopyFilesBuildPhase;
			buildActionMask = 2147483647;
			dstPath = "$(CONTENTS_FOLDER_PATH)/Watch";
			dstSubfolderSpec = 16;
			files = (
				E5DB617D2D45E76800C49900 /* KokteiliWatch Watch App.app in Embed Watch Content */,
			);
			name = "Embed Watch Content";
			runOnlyForDeploymentPostprocessing = 0;
		};
/* End PBXCopyFilesBuildPhase section */

/* Begin PBXFileReference section */
		E5C3D68A2D488E230045724B /* Kokteili.xctestplan */ = {isa = PBXFileReference; lastKnownFileType = text; path = Kokteili.xctestplan; sourceTree = "<group>"; };
		E5DB61262D45E4B100C49900 /* Kokteili.app */ = {isa = PBXFileReference; explicitFileType = wrapper.application; includeInIndex = 0; path = Kokteili.app; sourceTree = BUILT_PRODUCTS_DIR; };
		E5DB61392D45E4B300C49900 /* KokteiliTests.xctest */ = {isa = PBXFileReference; explicitFileType = wrapper.cfbundle; includeInIndex = 0; path = KokteiliTests.xctest; sourceTree = BUILT_PRODUCTS_DIR; };
		E5DB61432D45E4B300C49900 /* KokteiliUITests.xctest */ = {isa = PBXFileReference; explicitFileType = wrapper.cfbundle; includeInIndex = 0; path = KokteiliUITests.xctest; sourceTree = BUILT_PRODUCTS_DIR; };
		E5DB615A2D45E76600C49900 /* KokteiliWatch Watch App.app */ = {isa = PBXFileReference; explicitFileType = wrapper.application; includeInIndex = 0; path = "KokteiliWatch Watch App.app"; sourceTree = BUILT_PRODUCTS_DIR; };
/* End PBXFileReference section */

/* Begin PBXFileSystemSynchronizedBuildFileExceptionSet section */
		E597899B2D49E284006ADE4A /* Exceptions for "Kokteili" folder in "KokteiliWatch Watch App" target */ = {
			isa = PBXFileSystemSynchronizedBuildFileExceptionSet;
			membershipExceptions = (
				Networking/Entity/EntityAlcoholic.swift,
				Networking/Entity/EntityCategory.swift,
				Networking/Entity/EntityCocktail.swift,
				Networking/Entity/EntityDrink.swift,
				Networking/Entity/EntityGlass.swift,
				Networking/Entity/EntityIngredient.swift,
				Networking/Error/ErrorNetworking.swift,
				Networking/Manager/DefaultNetworkManagerProtocol.swift,
				Networking/Methods/List/API/NetworkingListAPI.swift,
				Networking/Methods/List/Managers/NetworkingListAdapter.swift,
				Networking/Methods/List/Managers/NetworkingListService.swift,
				Networking/Methods/List/Protocols/NetworkingListAdapterProtocol.swift,
				Networking/Service/EndPointType.swift,
				Networking/Service/HTTPMethod.swift,
				Networking/Service/NetworkingRouter.swift,
			);
			target = E5DB61592D45E76600C49900 /* KokteiliWatch Watch App */;
		};
/* End PBXFileSystemSynchronizedBuildFileExceptionSet section */

/* Begin PBXFileSystemSynchronizedRootGroup section */
		E5DB61282D45E4B100C49900 /* Kokteili */ = {
			isa = PBXFileSystemSynchronizedRootGroup;
			exceptions = (
				E597899B2D49E284006ADE4A /* Exceptions for "Kokteili" folder in "KokteiliWatch Watch App" target */,
			);
			path = Kokteili;
			sourceTree = "<group>";
		};
		E5DB613C2D45E4B300C49900 /* KokteiliTests */ = {
			isa = PBXFileSystemSynchronizedRootGroup;
			path = KokteiliTests;
			sourceTree = "<group>";
		};
		E5DB61462D45E4B300C49900 /* KokteiliUITests */ = {
			isa = PBXFileSystemSynchronizedRootGroup;
			path = KokteiliUITests;
			sourceTree = "<group>";
		};
		E5DB615B2D45E76600C49900 /* KokteiliWatch Watch App */ = {
			isa = PBXFileSystemSynchronizedRootGroup;
			path = "KokteiliWatch Watch App";
			sourceTree = "<group>";
		};
/* End PBXFileSystemSynchronizedRootGroup section */

/* Begin PBXFrameworksBuildPhase section */
		E5DB61232D45E4B100C49900 /* Frameworks */ = {
			isa = PBXFrameworksBuildPhase;
			buildActionMask = 2147483647;
			files = (
			);
			runOnlyForDeploymentPostprocessing = 0;
		};
		E5DB61362D45E4B300C49900 /* Frameworks */ = {
			isa = PBXFrameworksBuildPhase;
			buildActionMask = 2147483647;
			files = (
			);
			runOnlyForDeploymentPostprocessing = 0;
		};
		E5DB61402D45E4B300C49900 /* Frameworks */ = {
			isa = PBXFrameworksBuildPhase;
			buildActionMask = 2147483647;
			files = (
			);
			runOnlyForDeploymentPostprocessing = 0;
		};
		E5DB61572D45E76600C49900 /* Frameworks */ = {
			isa = PBXFrameworksBuildPhase;
			buildActionMask = 2147483647;
			files = (
			);
			runOnlyForDeploymentPostprocessing = 0;
		};
/* End PBXFrameworksBuildPhase section */

/* Begin PBXGroup section */
		E5DB611D2D45E4B100C49900 = {
			isa = PBXGroup;
			children = (
				E5C3D68A2D488E230045724B /* Kokteili.xctestplan */,
				E5DB61282D45E4B100C49900 /* Kokteili */,
				E5DB613C2D45E4B300C49900 /* KokteiliTests */,
				E5DB61462D45E4B300C49900 /* KokteiliUITests */,
				E5DB615B2D45E76600C49900 /* KokteiliWatch Watch App */,
				E5DB61272D45E4B100C49900 /* Products */,
			);
			sourceTree = "<group>";
		};
		E5DB61272D45E4B100C49900 /* Products */ = {
			isa = PBXGroup;
			children = (
				E5DB61262D45E4B100C49900 /* Kokteili.app */,
				E5DB61392D45E4B300C49900 /* KokteiliTests.xctest */,
				E5DB61432D45E4B300C49900 /* KokteiliUITests.xctest */,
				E5DB615A2D45E76600C49900 /* KokteiliWatch Watch App.app */,
			);
			name = Products;
			sourceTree = "<group>";
		};
/* End PBXGroup section */

/* Begin PBXNativeTarget section */
		E5DB61252D45E4B100C49900 /* Kokteili */ = {
			isa = PBXNativeTarget;
			buildConfigurationList = E5DB614D2D45E4B300C49900 /* Build configuration list for PBXNativeTarget "Kokteili" */;
			buildPhases = (
				E5DB61222D45E4B100C49900 /* Sources */,
				E5DB61232D45E4B100C49900 /* Frameworks */,
				E5DB61242D45E4B100C49900 /* Resources */,
				E5DB61812D45E76800C49900 /* Embed Watch Content */,
			);
			buildRules = (
			);
			dependencies = (
				E5DB617C2D45E76800C49900 /* PBXTargetDependency */,
			);
			fileSystemSynchronizedGroups = (
				E5DB61282D45E4B100C49900 /* Kokteili */,
			);
			name = Kokteili;
			packageProductDependencies = (
			);
			productName = Kokteili;
			productReference = E5DB61262D45E4B100C49900 /* Kokteili.app */;
			productType = "com.apple.product-type.application";
		};
		E5DB61382D45E4B300C49900 /* KokteiliTests */ = {
			isa = PBXNativeTarget;
			buildConfigurationList = E5DB61502D45E4B300C49900 /* Build configuration list for PBXNativeTarget "KokteiliTests" */;
			buildPhases = (
				E5DB61352D45E4B300C49900 /* Sources */,
				E5DB61362D45E4B300C49900 /* Frameworks */,
				E5DB61372D45E4B300C49900 /* Resources */,
			);
			buildRules = (
			);
			dependencies = (
				E5DB613B2D45E4B300C49900 /* PBXTargetDependency */,
			);
			fileSystemSynchronizedGroups = (
				E5DB613C2D45E4B300C49900 /* KokteiliTests */,
			);
			name = KokteiliTests;
			packageProductDependencies = (
			);
			productName = KokteiliTests;
			productReference = E5DB61392D45E4B300C49900 /* KokteiliTests.xctest */;
			productType = "com.apple.product-type.bundle.unit-test";
		};
		E5DB61422D45E4B300C49900 /* KokteiliUITests */ = {
			isa = PBXNativeTarget;
			buildConfigurationList = E5DB61532D45E4B300C49900 /* Build configuration list for PBXNativeTarget "KokteiliUITests" */;
			buildPhases = (
				E5DB613F2D45E4B300C49900 /* Sources */,
				E5DB61402D45E4B300C49900 /* Frameworks */,
				E5DB61412D45E4B300C49900 /* Resources */,
			);
			buildRules = (
			);
			dependencies = (
				E5DB61452D45E4B300C49900 /* PBXTargetDependency */,
			);
			fileSystemSynchronizedGroups = (
				E5DB61462D45E4B300C49900 /* KokteiliUITests */,
			);
			name = KokteiliUITests;
			packageProductDependencies = (
			);
			productName = KokteiliUITests;
			productReference = E5DB61432D45E4B300C49900 /* KokteiliUITests.xctest */;
			productType = "com.apple.product-type.bundle.ui-testing";
		};
		E5DB61592D45E76600C49900 /* KokteiliWatch Watch App */ = {
			isa = PBXNativeTarget;
			buildConfigurationList = E5DB617E2D45E76800C49900 /* Build configuration list for PBXNativeTarget "KokteiliWatch Watch App" */;
			buildPhases = (
				E5DB61562D45E76600C49900 /* Sources */,
				E5DB61572D45E76600C49900 /* Frameworks */,
				E5DB61582D45E76600C49900 /* Resources */,
			);
			buildRules = (
			);
			dependencies = (
			);
			fileSystemSynchronizedGroups = (
				E5DB615B2D45E76600C49900 /* KokteiliWatch Watch App */,
			);
			name = "KokteiliWatch Watch App";
			packageProductDependencies = (
			);
			productName = "KokteiliWatch Watch App";
			productReference = E5DB615A2D45E76600C49900 /* KokteiliWatch Watch App.app */;
			productType = "com.apple.product-type.application";
		};
/* End PBXNativeTarget section */

/* Begin PBXProject section */
		E5DB611E2D45E4B100C49900 /* Project object */ = {
			isa = PBXProject;
			attributes = {
				BuildIndependentTargetsInParallel = 1;
				LastSwiftUpdateCheck = 1620;
				LastUpgradeCheck = 1620;
				TargetAttributes = {
					E5DB61252D45E4B100C49900 = {
						CreatedOnToolsVersion = 16.2;
					};
					E5DB61382D45E4B300C49900 = {
						CreatedOnToolsVersion = 16.2;
						LastSwiftMigration = 1620;
						TestTargetID = E5DB61252D45E4B100C49900;
					};
					E5DB61422D45E4B300C49900 = {
						CreatedOnToolsVersion = 16.2;
						TestTargetID = E5DB61252D45E4B100C49900;
					};
					E5DB61592D45E76600C49900 = {
						CreatedOnToolsVersion = 16.2;
					};
				};
			};
			buildConfigurationList = E5DB61212D45E4B100C49900 /* Build configuration list for PBXProject "Kokteili" */;
			developmentRegion = en;
			hasScannedForEncodings = 0;
			knownRegions = (
				en,
				Base,
			);
			mainGroup = E5DB611D2D45E4B100C49900;
			minimizedProjectReferenceProxies = 1;
			preferredProjectObjectVersion = 77;
			productRefGroup = E5DB61272D45E4B100C49900 /* Products */;
			projectDirPath = "";
			projectRoot = "";
			targets = (
				E5DB61252D45E4B100C49900 /* Kokteili */,
				E5DB61382D45E4B300C49900 /* KokteiliTests */,
				E5DB61422D45E4B300C49900 /* KokteiliUITests */,
				E5DB61592D45E76600C49900 /* KokteiliWatch Watch App */,
			);
		};
/* End PBXProject section */

/* Begin PBXResourcesBuildPhase section */
		E5DB61242D45E4B100C49900 /* Resources */ = {
			isa = PBXResourcesBuildPhase;
			buildActionMask = 2147483647;
			files = (
			);
			runOnlyForDeploymentPostprocessing = 0;
		};
		E5DB61372D45E4B300C49900 /* Resources */ = {
			isa = PBXResourcesBuildPhase;
			buildActionMask = 2147483647;
			files = (
			);
			runOnlyForDeploymentPostprocessing = 0;
		};
		E5DB61412D45E4B300C49900 /* Resources */ = {
			isa = PBXResourcesBuildPhase;
			buildActionMask = 2147483647;
			files = (
			);
			runOnlyForDeploymentPostprocessing = 0;
		};
		E5DB61582D45E76600C49900 /* Resources */ = {
			isa = PBXResourcesBuildPhase;
			buildActionMask = 2147483647;
			files = (
			);
			runOnlyForDeploymentPostprocessing = 0;
		};
/* End PBXResourcesBuildPhase section */

/* Begin PBXSourcesBuildPhase section */
		E5DB61222D45E4B100C49900 /* Sources */ = {
			isa = PBXSourcesBuildPhase;
			buildActionMask = 2147483647;
			files = (
			);
			runOnlyForDeploymentPostprocessing = 0;
		};
		E5DB61352D45E4B300C49900 /* Sources */ = {
			isa = PBXSourcesBuildPhase;
			buildActionMask = 2147483647;
			files = (
			);
			runOnlyForDeploymentPostprocessing = 0;
		};
		E5DB613F2D45E4B300C49900 /* Sources */ = {
			isa = PBXSourcesBuildPhase;
			buildActionMask = 2147483647;
			files = (
			);
			runOnlyForDeploymentPostprocessing = 0;
		};
		E5DB61562D45E76600C49900 /* Sources */ = {
			isa = PBXSourcesBuildPhase;
			buildActionMask = 2147483647;
			files = (
			);
			runOnlyForDeploymentPostprocessing = 0;
		};
/* End PBXSourcesBuildPhase section */

/* Begin PBXTargetDependency section */
		E5DB613B2D45E4B300C49900 /* PBXTargetDependency */ = {
			isa = PBXTargetDependency;
			target = E5DB61252D45E4B100C49900 /* Kokteili */;
			targetProxy = E5DB613A2D45E4B300C49900 /* PBXContainerItemProxy */;
		};
		E5DB61452D45E4B300C49900 /* PBXTargetDependency */ = {
			isa = PBXTargetDependency;
			target = E5DB61252D45E4B100C49900 /* Kokteili */;
			targetProxy = E5DB61442D45E4B300C49900 /* PBXContainerItemProxy */;
		};
		E5DB617C2D45E76800C49900 /* PBXTargetDependency */ = {
			isa = PBXTargetDependency;
			target = E5DB61592D45E76600C49900 /* KokteiliWatch Watch App */;
			targetProxy = E5DB617B2D45E76800C49900 /* PBXContainerItemProxy */;
		};
/* End PBXTargetDependency section */

/* Begin XCBuildConfiguration section */
		E5DB614B2D45E4B300C49900 /* Debug */ = {
			isa = XCBuildConfiguration;
			buildSettings = {
				ALWAYS_SEARCH_USER_PATHS = NO;
				ASSETCATALOG_COMPILER_GENERATE_SWIFT_ASSET_SYMBOL_EXTENSIONS = YES;
				CLANG_ANALYZER_NONNULL = YES;
				CLANG_ANALYZER_NUMBER_OBJECT_CONVERSION = YES_AGGRESSIVE;
				CLANG_CXX_LANGUAGE_STANDARD = "gnu++20";
				CLANG_ENABLE_MODULES = YES;
				CLANG_ENABLE_OBJC_ARC = YES;
				CLANG_ENABLE_OBJC_WEAK = YES;
				CLANG_WARN_BLOCK_CAPTURE_AUTORELEASING = YES;
				CLANG_WARN_BOOL_CONVERSION = YES;
				CLANG_WARN_COMMA = YES;
				CLANG_WARN_CONSTANT_CONVERSION = YES;
				CLANG_WARN_DEPRECATED_OBJC_IMPLEMENTATIONS = YES;
				CLANG_WARN_DIRECT_OBJC_ISA_USAGE = YES_ERROR;
				CLANG_WARN_DOCUMENTATION_COMMENTS = YES;
				CLANG_WARN_EMPTY_BODY = YES;
				CLANG_WARN_ENUM_CONVERSION = YES;
				CLANG_WARN_INFINITE_RECURSION = YES;
				CLANG_WARN_INT_CONVERSION = YES;
				CLANG_WARN_NON_LITERAL_NULL_CONVERSION = YES;
				CLANG_WARN_OBJC_IMPLICIT_RETAIN_SELF = YES;
				CLANG_WARN_OBJC_LITERAL_CONVERSION = YES;
				CLANG_WARN_OBJC_ROOT_CLASS = YES_ERROR;
				CLANG_WARN_QUOTED_INCLUDE_IN_FRAMEWORK_HEADER = YES;
				CLANG_WARN_RANGE_LOOP_ANALYSIS = YES;
				CLANG_WARN_STRICT_PROTOTYPES = YES;
				CLANG_WARN_SUSPICIOUS_MOVE = YES;
				CLANG_WARN_UNGUARDED_AVAILABILITY = YES_AGGRESSIVE;
				CLANG_WARN_UNREACHABLE_CODE = YES;
				CLANG_WARN__DUPLICATE_METHOD_MATCH = YES;
				COPY_PHASE_STRIP = NO;
				DEBUG_INFORMATION_FORMAT = dwarf;
				ENABLE_STRICT_OBJC_MSGSEND = YES;
				ENABLE_TESTABILITY = YES;
				ENABLE_USER_SCRIPT_SANDBOXING = YES;
				GCC_C_LANGUAGE_STANDARD = gnu17;
				GCC_DYNAMIC_NO_PIC = NO;
				GCC_NO_COMMON_BLOCKS = YES;
				GCC_OPTIMIZATION_LEVEL = 0;
				GCC_PREPROCESSOR_DEFINITIONS = (
					"DEBUG=1",
					"$(inherited)",
				);
				GCC_WARN_64_TO_32_BIT_CONVERSION = YES;
				GCC_WARN_ABOUT_RETURN_TYPE = YES_ERROR;
				GCC_WARN_UNDECLARED_SELECTOR = YES;
				GCC_WARN_UNINITIALIZED_AUTOS = YES_AGGRESSIVE;
				GCC_WARN_UNUSED_FUNCTION = YES;
				GCC_WARN_UNUSED_VARIABLE = YES;
				LOCALIZATION_PREFERS_STRING_CATALOGS = YES;
				MTL_ENABLE_DEBUG_INFO = INCLUDE_SOURCE;
				MTL_FAST_MATH = YES;
				ONLY_ACTIVE_ARCH = YES;
				SWIFT_ACTIVE_COMPILATION_CONDITIONS = "DEBUG $(inherited)";
				SWIFT_OPTIMIZATION_LEVEL = "-Onone";
			};
			name = Debug;
		};
		E5DB614C2D45E4B300C49900 /* Release */ = {
			isa = XCBuildConfiguration;
			buildSettings = {
				ALWAYS_SEARCH_USER_PATHS = NO;
				ASSETCATALOG_COMPILER_GENERATE_SWIFT_ASSET_SYMBOL_EXTENSIONS = YES;
				CLANG_ANALYZER_NONNULL = YES;
				CLANG_ANALYZER_NUMBER_OBJECT_CONVERSION = YES_AGGRESSIVE;
				CLANG_CXX_LANGUAGE_STANDARD = "gnu++20";
				CLANG_ENABLE_MODULES = YES;
				CLANG_ENABLE_OBJC_ARC = YES;
				CLANG_ENABLE_OBJC_WEAK = YES;
				CLANG_WARN_BLOCK_CAPTURE_AUTORELEASING = YES;
				CLANG_WARN_BOOL_CONVERSION = YES;
				CLANG_WARN_COMMA = YES;
				CLANG_WARN_CONSTANT_CONVERSION = YES;
				CLANG_WARN_DEPRECATED_OBJC_IMPLEMENTATIONS = YES;
				CLANG_WARN_DIRECT_OBJC_ISA_USAGE = YES_ERROR;
				CLANG_WARN_DOCUMENTATION_COMMENTS = YES;
				CLANG_WARN_EMPTY_BODY = YES;
				CLANG_WARN_ENUM_CONVERSION = YES;
				CLANG_WARN_INFINITE_RECURSION = YES;
				CLANG_WARN_INT_CONVERSION = YES;
				CLANG_WARN_NON_LITERAL_NULL_CONVERSION = YES;
				CLANG_WARN_OBJC_IMPLICIT_RETAIN_SELF = YES;
				CLANG_WARN_OBJC_LITERAL_CONVERSION = YES;
				CLANG_WARN_OBJC_ROOT_CLASS = YES_ERROR;
				CLANG_WARN_QUOTED_INCLUDE_IN_FRAMEWORK_HEADER = YES;
				CLANG_WARN_RANGE_LOOP_ANALYSIS = YES;
				CLANG_WARN_STRICT_PROTOTYPES = YES;
				CLANG_WARN_SUSPICIOUS_MOVE = YES;
				CLANG_WARN_UNGUARDED_AVAILABILITY = YES_AGGRESSIVE;
				CLANG_WARN_UNREACHABLE_CODE = YES;
				CLANG_WARN__DUPLICATE_METHOD_MATCH = YES;
				COPY_PHASE_STRIP = NO;
				DEBUG_INFORMATION_FORMAT = "dwarf-with-dsym";
				ENABLE_NS_ASSERTIONS = NO;
				ENABLE_STRICT_OBJC_MSGSEND = YES;
				ENABLE_USER_SCRIPT_SANDBOXING = YES;
				GCC_C_LANGUAGE_STANDARD = gnu17;
				GCC_NO_COMMON_BLOCKS = YES;
				GCC_WARN_64_TO_32_BIT_CONVERSION = YES;
				GCC_WARN_ABOUT_RETURN_TYPE = YES_ERROR;
				GCC_WARN_UNDECLARED_SELECTOR = YES;
				GCC_WARN_UNINITIALIZED_AUTOS = YES_AGGRESSIVE;
				GCC_WARN_UNUSED_FUNCTION = YES;
				GCC_WARN_UNUSED_VARIABLE = YES;
				LOCALIZATION_PREFERS_STRING_CATALOGS = YES;
				MTL_ENABLE_DEBUG_INFO = NO;
				MTL_FAST_MATH = YES;
				SWIFT_COMPILATION_MODE = wholemodule;
			};
			name = Release;
		};
		E5DB614E2D45E4B300C49900 /* Debug */ = {
			isa = XCBuildConfiguration;
			buildSettings = {
				ASSETCATALOG_COMPILER_APPICON_NAME = AppIcon;
				ASSETCATALOG_COMPILER_GLOBAL_ACCENT_COLOR_NAME = AccentColor;
				CODE_SIGN_ENTITLEMENTS = "";
				CODE_SIGN_STYLE = Automatic;
				CURRENT_PROJECT_VERSION = 1;
				DEVELOPMENT_ASSET_PATHS = "\"Kokteili/Preview Content\"";
				DEVELOPMENT_TEAM = 34Z652334Z;
				ENABLE_HARDENED_RUNTIME = YES;
				ENABLE_PREVIEWS = YES;
				GENERATE_INFOPLIST_FILE = YES;
				"INFOPLIST_KEY_UIApplicationSceneManifest_Generation[sdk=iphoneos*]" = YES;
				"INFOPLIST_KEY_UIApplicationSceneManifest_Generation[sdk=iphonesimulator*]" = YES;
				"INFOPLIST_KEY_UIApplicationSupportsIndirectInputEvents[sdk=iphoneos*]" = YES;
				"INFOPLIST_KEY_UIApplicationSupportsIndirectInputEvents[sdk=iphonesimulator*]" = YES;
				"INFOPLIST_KEY_UILaunchScreen_Generation[sdk=iphoneos*]" = YES;
				"INFOPLIST_KEY_UILaunchScreen_Generation[sdk=iphonesimulator*]" = YES;
				"INFOPLIST_KEY_UIStatusBarStyle[sdk=iphoneos*]" = UIStatusBarStyleDefault;
				"INFOPLIST_KEY_UIStatusBarStyle[sdk=iphonesimulator*]" = UIStatusBarStyleDefault;
				INFOPLIST_KEY_UISupportedInterfaceOrientations = UIInterfaceOrientationPortrait;
				INFOPLIST_KEY_UISupportedInterfaceOrientations_iPad = "UIInterfaceOrientationLandscapeLeft UIInterfaceOrientationLandscapeRight UIInterfaceOrientationPortrait UIInterfaceOrientationPortraitUpsideDown";
				IPHONEOS_DEPLOYMENT_TARGET = 18.2;
				LD_RUNPATH_SEARCH_PATHS = "@executable_path/Frameworks";
				"LD_RUNPATH_SEARCH_PATHS[sdk=macosx*]" = "@executable_path/../Frameworks";
				MACOSX_DEPLOYMENT_TARGET = 14.0;
				MARKETING_VERSION = 1.0;
				PRODUCT_BUNDLE_IDENTIFIER = com.pedroramos.Kokteili;
				PRODUCT_NAME = "$(TARGET_NAME)";
				SDKROOT = auto;
				SUPPORTED_PLATFORMS = "iphoneos iphonesimulator macosx xros xrsimulator";
				SWIFT_EMIT_LOC_STRINGS = YES;
				SWIFT_VERSION = 5.0;
				TARGETED_DEVICE_FAMILY = "1,2,7";
				XROS_DEPLOYMENT_TARGET = 2.2;
			};
			name = Debug;
		};
		E5DB614F2D45E4B300C49900 /* Release */ = {
			isa = XCBuildConfiguration;
			buildSettings = {
				ASSETCATALOG_COMPILER_APPICON_NAME = AppIcon;
				ASSETCATALOG_COMPILER_GLOBAL_ACCENT_COLOR_NAME = AccentColor;
				CODE_SIGN_ENTITLEMENTS = "";
				CODE_SIGN_STYLE = Automatic;
				CURRENT_PROJECT_VERSION = 1;
				DEVELOPMENT_ASSET_PATHS = "\"Kokteili/Preview Content\"";
				DEVELOPMENT_TEAM = 34Z652334Z;
				ENABLE_HARDENED_RUNTIME = YES;
				ENABLE_PREVIEWS = YES;
				GENERATE_INFOPLIST_FILE = YES;
				"INFOPLIST_KEY_UIApplicationSceneManifest_Generation[sdk=iphoneos*]" = YES;
				"INFOPLIST_KEY_UIApplicationSceneManifest_Generation[sdk=iphonesimulator*]" = YES;
				"INFOPLIST_KEY_UIApplicationSupportsIndirectInputEvents[sdk=iphoneos*]" = YES;
				"INFOPLIST_KEY_UIApplicationSupportsIndirectInputEvents[sdk=iphonesimulator*]" = YES;
				"INFOPLIST_KEY_UILaunchScreen_Generation[sdk=iphoneos*]" = YES;
				"INFOPLIST_KEY_UILaunchScreen_Generation[sdk=iphonesimulator*]" = YES;
				"INFOPLIST_KEY_UIStatusBarStyle[sdk=iphoneos*]" = UIStatusBarStyleDefault;
				"INFOPLIST_KEY_UIStatusBarStyle[sdk=iphonesimulator*]" = UIStatusBarStyleDefault;
				INFOPLIST_KEY_UISupportedInterfaceOrientations = UIInterfaceOrientationPortrait;
				INFOPLIST_KEY_UISupportedInterfaceOrientations_iPad = "UIInterfaceOrientationLandscapeLeft UIInterfaceOrientationLandscapeRight UIInterfaceOrientationPortrait UIInterfaceOrientationPortraitUpsideDown";
				IPHONEOS_DEPLOYMENT_TARGET = 18.2;
				LD_RUNPATH_SEARCH_PATHS = "@executable_path/Frameworks";
				"LD_RUNPATH_SEARCH_PATHS[sdk=macosx*]" = "@executable_path/../Frameworks";
				MACOSX_DEPLOYMENT_TARGET = 14.0;
				MARKETING_VERSION = 1.0;
				PRODUCT_BUNDLE_IDENTIFIER = com.pedroramos.Kokteili;
				PRODUCT_NAME = "$(TARGET_NAME)";
				SDKROOT = auto;
				SUPPORTED_PLATFORMS = "iphoneos iphonesimulator macosx xros xrsimulator";
				SWIFT_EMIT_LOC_STRINGS = YES;
				SWIFT_VERSION = 5.0;
				TARGETED_DEVICE_FAMILY = "1,2,7";
				XROS_DEPLOYMENT_TARGET = 2.2;
			};
			name = Release;
		};
		E5DB61512D45E4B300C49900 /* Debug */ = {
			isa = XCBuildConfiguration;
			buildSettings = {
				BUNDLE_LOADER = "$(TEST_HOST)";
				CLANG_ENABLE_MODULES = YES;
				CODE_SIGN_STYLE = Automatic;
				CURRENT_PROJECT_VERSION = 1;
				DEVELOPMENT_TEAM = 34Z652334Z;
				GENERATE_INFOPLIST_FILE = YES;
				IPHONEOS_DEPLOYMENT_TARGET = 18.2;
				MACOSX_DEPLOYMENT_TARGET = 15.2;
				MARKETING_VERSION = 1.0;
				PRODUCT_BUNDLE_IDENTIFIER = com.pedroramos.KokteiliTests;
				PRODUCT_NAME = "$(TARGET_NAME)";
				SDKROOT = auto;
				SUPPORTED_PLATFORMS = "iphoneos iphonesimulator macosx xros xrsimulator";
				SWIFT_EMIT_LOC_STRINGS = NO;
				SWIFT_OBJC_BRIDGING_HEADER = "KokteiliTests/KokteiliTests-Bridging-Header.h";
				SWIFT_OPTIMIZATION_LEVEL = "-Onone";
				SWIFT_VERSION = 5.0;
				TARGETED_DEVICE_FAMILY = "1,2,7";
				TEST_HOST = "$(BUILT_PRODUCTS_DIR)/Kokteili.app/$(BUNDLE_EXECUTABLE_FOLDER_PATH)/Kokteili";
				XROS_DEPLOYMENT_TARGET = 2.2;
			};
			name = Debug;
		};
		E5DB61522D45E4B300C49900 /* Release */ = {
			isa = XCBuildConfiguration;
			buildSettings = {
				BUNDLE_LOADER = "$(TEST_HOST)";
				CLANG_ENABLE_MODULES = YES;
				CODE_SIGN_STYLE = Automatic;
				CURRENT_PROJECT_VERSION = 1;
				DEVELOPMENT_TEAM = 34Z652334Z;
				GENERATE_INFOPLIST_FILE = YES;
				IPHONEOS_DEPLOYMENT_TARGET = 18.2;
				MACOSX_DEPLOYMENT_TARGET = 15.2;
				MARKETING_VERSION = 1.0;
				PRODUCT_BUNDLE_IDENTIFIER = com.pedroramos.KokteiliTests;
				PRODUCT_NAME = "$(TARGET_NAME)";
				SDKROOT = auto;
				SUPPORTED_PLATFORMS = "iphoneos iphonesimulator macosx xros xrsimulator";
				SWIFT_EMIT_LOC_STRINGS = NO;
				SWIFT_OBJC_BRIDGING_HEADER = "KokteiliTests/KokteiliTests-Bridging-Header.h";
				SWIFT_VERSION = 5.0;
				TARGETED_DEVICE_FAMILY = "1,2,7";
				TEST_HOST = "$(BUILT_PRODUCTS_DIR)/Kokteili.app/$(BUNDLE_EXECUTABLE_FOLDER_PATH)/Kokteili";
				XROS_DEPLOYMENT_TARGET = 2.2;
			};
			name = Release;
		};
		E5DB61542D45E4B300C49900 /* Debug */ = {
			isa = XCBuildConfiguration;
			buildSettings = {
				CODE_SIGN_STYLE = Automatic;
				CURRENT_PROJECT_VERSION = 1;
				DEVELOPMENT_TEAM = 34Z652334Z;
				GENERATE_INFOPLIST_FILE = YES;
				IPHONEOS_DEPLOYMENT_TARGET = 18.2;
				MACOSX_DEPLOYMENT_TARGET = 15.2;
				MARKETING_VERSION = 1.0;
				PRODUCT_BUNDLE_IDENTIFIER = com.pedroramos.KokteiliUITests;
				PRODUCT_NAME = "$(TARGET_NAME)";
				SDKROOT = auto;
				SUPPORTED_PLATFORMS = "iphoneos iphonesimulator macosx xros xrsimulator";
				SWIFT_EMIT_LOC_STRINGS = NO;
				SWIFT_VERSION = 5.0;
				TARGETED_DEVICE_FAMILY = "1,2,7";
				TEST_TARGET_NAME = Kokteili;
				XROS_DEPLOYMENT_TARGET = 2.2;
			};
			name = Debug;
		};
		E5DB61552D45E4B300C49900 /* Release */ = {
			isa = XCBuildConfiguration;
			buildSettings = {
				CODE_SIGN_STYLE = Automatic;
				CURRENT_PROJECT_VERSION = 1;
				DEVELOPMENT_TEAM = 34Z652334Z;
				GENERATE_INFOPLIST_FILE = YES;
				IPHONEOS_DEPLOYMENT_TARGET = 18.2;
				MACOSX_DEPLOYMENT_TARGET = 15.2;
				MARKETING_VERSION = 1.0;
				PRODUCT_BUNDLE_IDENTIFIER = com.pedroramos.KokteiliUITests;
				PRODUCT_NAME = "$(TARGET_NAME)";
				SDKROOT = auto;
				SUPPORTED_PLATFORMS = "iphoneos iphonesimulator macosx xros xrsimulator";
				SWIFT_EMIT_LOC_STRINGS = NO;
				SWIFT_VERSION = 5.0;
				TARGETED_DEVICE_FAMILY = "1,2,7";
				TEST_TARGET_NAME = Kokteili;
				XROS_DEPLOYMENT_TARGET = 2.2;
			};
			name = Release;
		};
		E5DB617F2D45E76800C49900 /* Debug */ = {
			isa = XCBuildConfiguration;
			buildSettings = {
				ASSETCATALOG_COMPILER_APPICON_NAME = AppIcon;
				ASSETCATALOG_COMPILER_GLOBAL_ACCENT_COLOR_NAME = AccentColor;
				CODE_SIGN_STYLE = Automatic;
				CURRENT_PROJECT_VERSION = 1;
				DEVELOPMENT_ASSET_PATHS = "\"KokteiliWatch Watch App/Preview Content\"";
				DEVELOPMENT_TEAM = 34Z652334Z;
				ENABLE_PREVIEWS = YES;
				GENERATE_INFOPLIST_FILE = YES;
				INFOPLIST_KEY_CFBundleDisplayName = KokteiliWatch;
				INFOPLIST_KEY_UISupportedInterfaceOrientations = "UIInterfaceOrientationPortrait UIInterfaceOrientationPortraitUpsideDown";
				INFOPLIST_KEY_WKCompanionAppBundleIdentifier = com.pedroramos.Kokteili;
				LD_RUNPATH_SEARCH_PATHS = (
					"$(inherited)",
					"@executable_path/Frameworks",
				);
				MARKETING_VERSION = 1.0;
				PRODUCT_BUNDLE_IDENTIFIER = com.pedroramos.Kokteili.watchkitapp;
				PRODUCT_NAME = "$(TARGET_NAME)";
				SDKROOT = watchos;
				SKIP_INSTALL = YES;
				SWIFT_EMIT_LOC_STRINGS = YES;
				SWIFT_VERSION = 5.0;
				TARGETED_DEVICE_FAMILY = 4;
				WATCHOS_DEPLOYMENT_TARGET = 11.2;
			};
			name = Debug;
		};
		E5DB61802D45E76800C49900 /* Release */ = {
			isa = XCBuildConfiguration;
			buildSettings = {
				ASSETCATALOG_COMPILER_APPICON_NAME = AppIcon;
				ASSETCATALOG_COMPILER_GLOBAL_ACCENT_COLOR_NAME = AccentColor;
				CODE_SIGN_STYLE = Automatic;
				CURRENT_PROJECT_VERSION = 1;
				DEVELOPMENT_ASSET_PATHS = "\"KokteiliWatch Watch App/Preview Content\"";
				DEVELOPMENT_TEAM = 34Z652334Z;
				ENABLE_PREVIEWS = YES;
				GENERATE_INFOPLIST_FILE = YES;
				INFOPLIST_KEY_CFBundleDisplayName = KokteiliWatch;
				INFOPLIST_KEY_UISupportedInterfaceOrientations = "UIInterfaceOrientationPortrait UIInterfaceOrientationPortraitUpsideDown";
				INFOPLIST_KEY_WKCompanionAppBundleIdentifier = com.pedroramos.Kokteili;
				LD_RUNPATH_SEARCH_PATHS = (
					"$(inherited)",
					"@executable_path/Frameworks",
				);
				MARKETING_VERSION = 1.0;
				PRODUCT_BUNDLE_IDENTIFIER = com.pedroramos.Kokteili.watchkitapp;
				PRODUCT_NAME = "$(TARGET_NAME)";
				SDKROOT = watchos;
				SKIP_INSTALL = YES;
				SWIFT_EMIT_LOC_STRINGS = YES;
				SWIFT_VERSION = 5.0;
				TARGETED_DEVICE_FAMILY = 4;
				VALIDATE_PRODUCT = YES;
				WATCHOS_DEPLOYMENT_TARGET = 11.2;
			};
			name = Release;
		};
/* End XCBuildConfiguration section */

/* Begin XCConfigurationList section */
		E5DB61212D45E4B100C49900 /* Build configuration list for PBXProject "Kokteili" */ = {
			isa = XCConfigurationList;
			buildConfigurations = (
				E5DB614B2D45E4B300C49900 /* Debug */,
				E5DB614C2D45E4B300C49900 /* Release */,
			);
			defaultConfigurationIsVisible = 0;
			defaultConfigurationName = Release;
		};
		E5DB614D2D45E4B300C49900 /* Build configuration list for PBXNativeTarget "Kokteili" */ = {
			isa = XCConfigurationList;
			buildConfigurations = (
				E5DB614E2D45E4B300C49900 /* Debug */,
				E5DB614F2D45E4B300C49900 /* Release */,
			);
			defaultConfigurationIsVisible = 0;
			defaultConfigurationName = Release;
		};
		E5DB61502D45E4B300C49900 /* Build configuration list for PBXNativeTarget "KokteiliTests" */ = {
			isa = XCConfigurationList;
			buildConfigurations = (
				E5DB61512D45E4B300C49900 /* Debug */,
				E5DB61522D45E4B300C49900 /* Release */,
			);
			defaultConfigurationIsVisible = 0;
			defaultConfigurationName = Release;
		};
		E5DB61532D45E4B300C49900 /* Build configuration list for PBXNativeTarget "KokteiliUITests" */ = {
			isa = XCConfigurationList;
			buildConfigurations = (
				E5DB61542D45E4B300C49900 /* Debug */,
				E5DB61552D45E4B300C49900 /* Release */,
			);
			defaultConfigurationIsVisible = 0;
			defaultConfigurationName = Release;
		};
		E5DB617E2D45E76800C49900 /* Build configuration list for PBXNativeTarget "KokteiliWatch Watch App" */ = {
			isa = XCConfigurationList;
			buildConfigurations = (
				E5DB617F2D45E76800C49900 /* Debug */,
				E5DB61802D45E76800C49900 /* Release */,
			);
			defaultConfigurationIsVisible = 0;
			defaultConfigurationName = Release;
		};
/* End XCConfigurationList section */
	};
	rootObject = E5DB611E2D45E4B100C49900 /* Project object */;
}
